
Microsoft Visual Studio Solution File, Format Version 12.00
# Visual Studio Version 17
VisualStudioVersion = 17.0.32112.339
MinimumVisualStudioVersion = 10.0.40219.1
Project("{FAE04EC0-301F-11D3-BF4B-00C04F79EFBC}") = "WordleReverseSolver", "WordleReverseSolver.csproj", "{94CDCEB3-F05C-4363-B662-67C4F657220D}"
EndProject
Global
	GlobalSection(SolutionConfigurationPlatforms) = preSolution
		Debug|Any CPU = Debug|Any CPU
		Release|Any CPU = Release|Any CPU
	EndGlobalSection
	GlobalSection(ProjectConfigurationPlatforms) = postSolution
		{94CDCEB3-F05C-4363-B662-67C4F657220D}.Debug|Any CPU.ActiveCfg = Debug|Any CPU
		{94CDCEB3-F05C-4363-B662-67C4F657220D}.Debug|Any CPU.Build.0 = Debug|Any CPU
		{94CDCEB3-F05C-4363-B662-67C4F657220D}.Release|Any CPU.ActiveCfg = Release|Any CPU
		{94CDCEB3-F05C-4363-B662-67C4F657220D}.Release|Any CPU.Build.0 = Release|Any CPU
	EndGlobalSection
	GlobalSection(SolutionProperties) = preSolution
		HideSolutionNode = FALSE
	EndGlobalSection
	GlobalSection(ExtensibilityGlobals) = postSolution
		SolutionGuid = {45426F39-D8E2-49C2-A3F5-0D23F6AA22F1}
	EndGlobalSection
EndGlobal
